# THIS IS AN AUTOGENERATED FILE. DO NOT EDIT THIS FILE DIRECTLY.
# yarn lockfile v1


huffman-javascript@^0.1.1:
  version "0.1.1"
  resolved "https://registry.yarnpkg.com/huffman-javascript/-/huffman-javascript-0.1.1.tgz#78106dd1d8279a0fc7ed1149e995409b4e2c8bae"
  integrity sha512-BQYAs9clxGgO58IvLRLKzmhEM+o0WH1KXbGHICip4Pwo1zCOXsAwU1vA8xKPx+xW2wRNAjFjuff7+rAafTeTBQ==
